
Microsoft Visual Studio Solution File, Format Version 12.00
# Visual Studio Version 16
VisualStudioVersion = 16.0.30204.135
MinimumVisualStudioVersion = 10.0.40219.1
Project("{FAE04EC0-301F-11D3-BF4B-00C04F79EFBC}") = "Lab", "Lab\Lab.csproj", "{B1635C2C-A1BF-4FFE-B8F1-D7F7F81FA516}"
EndProject
Global
	GlobalSection(SolutionConfigurationPlatforms) = preSolution
		Debug|Any CPU = Debug|Any CPU
		Release|Any CPU = Release|Any CPU
	EndGlobalSection
	GlobalSection(ProjectConfigurationPlatforms) = postSolution
		{B1635C2C-A1BF-4FFE-B8F1-D7F7F81FA516}.Debug|Any CPU.ActiveCfg = Debug|Any CPU
		{B1635C2C-A1BF-4FFE-B8F1-D7F7F81FA516}.Debug|Any CPU.Build.0 = Debug|Any CPU
		{B1635C2C-A1BF-4FFE-B8F1-D7F7F81FA516}.Release|Any CPU.ActiveCfg = Release|Any CPU
		{B1635C2C-A1BF-4FFE-B8F1-D7F7F81FA516}.Release|Any CPU.Build.0 = Release|Any CPU
	EndGlobalSection
	GlobalSection(SolutionProperties) = preSolution
		HideSolutionNode = FALSE
	EndGlobalSection
	GlobalSection(ExtensibilityGlobals) = postSolution
		SolutionGuid = {904C73D7-138D-4DBE-A9E8-C13F47DBC76D}
	EndGlobalSection
EndGlobal
